
Microsoft Visual Studio Solution File, Format Version 12.00
# Visual Studio 15
VisualStudioVersion = 15.0.27130.2036
MinimumVisualStudioVersion = 10.0.40219.1
Project("{FAE04EC0-301F-11D3-BF4B-00C04F79EFBC}") = "GesBanda", "GesBanda\GesBanda.csproj", "{A91A1885-EF4C-460E-868B-5319DB3E65ED}"
EndProject
Project("{FAE04EC0-301F-11D3-BF4B-00C04F79EFBC}") = "GesBanda.Api", "GesBanda.Api\GesBanda.Api.csproj", "{C8D7CDD3-2D8C-4228-97F3-5E73D3116122}"
EndProject
Project("{FAE04EC0-301F-11D3-BF4B-00C04F79EFBC}") = "GesBanda.Data", "GesBanda.Data\GesBanda.Data.csproj", "{83B659A1-0DD8-4A65-AF3E-BCCE36B2076F}"
EndProject
Global
	GlobalSection(SolutionConfigurationPlatforms) = preSolution
		Debug|Any CPU = Debug|Any CPU
		Debug|ARM = Debug|ARM
		Debug|x64 = Debug|x64
		Debug|x86 = Debug|x86
		Release|Any CPU = Release|Any CPU
		Release|ARM = Release|ARM
		Release|x64 = Release|x64
		Release|x86 = Release|x86
	EndGlobalSection
	GlobalSection(ProjectConfigurationPlatforms) = postSolution
		{A91A1885-EF4C-460E-868B-5319DB3E65ED}.Debug|Any CPU.ActiveCfg = Debug|Any CPU
		{A91A1885-EF4C-460E-868B-5319DB3E65ED}.Debug|Any CPU.Build.0 = Debug|Any CPU
		{A91A1885-EF4C-460E-868B-5319DB3E65ED}.Debug|ARM.ActiveCfg = Debug|Any CPU
		{A91A1885-EF4C-460E-868B-5319DB3E65ED}.Debug|ARM.Build.0 = Debug|Any CPU
		{A91A1885-EF4C-460E-868B-5319DB3E65ED}.Debug|x64.ActiveCfg = Debug|Any CPU
		{A91A1885-EF4C-460E-868B-5319DB3E65ED}.Debug|x64.Build.0 = Debug|Any CPU
		{A91A1885-EF4C-460E-868B-5319DB3E65ED}.Debug|x86.ActiveCfg = Debug|Any CPU
		{A91A1885-EF4C-460E-868B-5319DB3E65ED}.Debug|x86.Build.0 = Debug|Any CPU
		{A91A1885-EF4C-460E-868B-5319DB3E65ED}.Release|Any CPU.ActiveCfg = Release|Any CPU
		{A91A1885-EF4C-460E-868B-5319DB3E65ED}.Release|Any CPU.Build.0 = Release|Any CPU
		{A91A1885-EF4C-460E-868B-5319DB3E65ED}.Release|ARM.ActiveCfg = Release|Any CPU
		{A91A1885-EF4C-460E-868B-5319DB3E65ED}.Release|ARM.Build.0 = Release|Any CPU
		{A91A1885-EF4C-460E-868B-5319DB3E65ED}.Release|x64.ActiveCfg = Release|Any CPU
		{A91A1885-EF4C-460E-868B-5319DB3E65ED}.Release|x64.Build.0 = Release|Any CPU
		{A91A1885-EF4C-460E-868B-5319DB3E65ED}.Release|x86.ActiveCfg = Release|Any CPU
		{A91A1885-EF4C-460E-868B-5319DB3E65ED}.Release|x86.Build.0 = Release|Any CPU
		{C8D7CDD3-2D8C-4228-97F3-5E73D3116122}.Debug|Any CPU.ActiveCfg = Debug|Any CPU
		{C8D7CDD3-2D8C-4228-97F3-5E73D3116122}.Debug|Any CPU.Build.0 = Debug|Any CPU
		{C8D7CDD3-2D8C-4228-97F3-5E73D3116122}.Debug|ARM.ActiveCfg = Debug|Any CPU
		{C8D7CDD3-2D8C-4228-97F3-5E73D3116122}.Debug|ARM.Build.0 = Debug|Any CPU
		{C8D7CDD3-2D8C-4228-97F3-5E73D3116122}.Debug|x64.ActiveCfg = Debug|Any CPU
		{C8D7CDD3-2D8C-4228-97F3-5E73D3116122}.Debug|x64.Build.0 = Debug|Any CPU
		{C8D7CDD3-2D8C-4228-97F3-5E73D3116122}.Debug|x86.ActiveCfg = Debug|Any CPU
		{C8D7CDD3-2D8C-4228-97F3-5E73D3116122}.Debug|x86.Build.0 = Debug|Any CPU
		{C8D7CDD3-2D8C-4228-97F3-5E73D3116122}.Release|Any CPU.ActiveCfg = Release|Any CPU
		{C8D7CDD3-2D8C-4228-97F3-5E73D3116122}.Release|Any CPU.Build.0 = Release|Any CPU
		{C8D7CDD3-2D8C-4228-97F3-5E73D3116122}.Release|ARM.ActiveCfg = Release|Any CPU
		{C8D7CDD3-2D8C-4228-97F3-5E73D3116122}.Release|ARM.Build.0 = Release|Any CPU
		{C8D7CDD3-2D8C-4228-97F3-5E73D3116122}.Release|x64.ActiveCfg = Release|Any CPU
		{C8D7CDD3-2D8C-4228-97F3-5E73D3116122}.Release|x64.Build.0 = Release|Any CPU
		{C8D7CDD3-2D8C-4228-97F3-5E73D3116122}.Release|x86.ActiveCfg = Release|Any CPU
		{C8D7CDD3-2D8C-4228-97F3-5E73D3116122}.Release|x86.Build.0 = Release|Any CPU
		{83B659A1-0DD8-4A65-AF3E-BCCE36B2076F}.Debug|Any CPU.ActiveCfg = Debug|Any CPU
		{83B659A1-0DD8-4A65-AF3E-BCCE36B2076F}.Debug|Any CPU.Build.0 = Debug|Any CPU
		{83B659A1-0DD8-4A65-AF3E-BCCE36B2076F}.Debug|ARM.ActiveCfg = Debug|Any CPU
		{83B659A1-0DD8-4A65-AF3E-BCCE36B2076F}.Debug|ARM.Build.0 = Debug|Any CPU
		{83B659A1-0DD8-4A65-AF3E-BCCE36B2076F}.Debug|x64.ActiveCfg = Debug|Any CPU
		{83B659A1-0DD8-4A65-AF3E-BCCE36B2076F}.Debug|x64.Build.0 = Debug|Any CPU
		{83B659A1-0DD8-4A65-AF3E-BCCE36B2076F}.Debug|x86.ActiveCfg = Debug|Any CPU
		{83B659A1-0DD8-4A65-AF3E-BCCE36B2076F}.Debug|x86.Build.0 = Debug|Any CPU
		{83B659A1-0DD8-4A65-AF3E-BCCE36B2076F}.Release|Any CPU.ActiveCfg = Release|Any CPU
		{83B659A1-0DD8-4A65-AF3E-BCCE36B2076F}.Release|Any CPU.Build.0 = Release|Any CPU
		{83B659A1-0DD8-4A65-AF3E-BCCE36B2076F}.Release|ARM.ActiveCfg = Release|Any CPU
		{83B659A1-0DD8-4A65-AF3E-BCCE36B2076F}.Release|ARM.Build.0 = Release|Any CPU
		{83B659A1-0DD8-4A65-AF3E-BCCE36B2076F}.Release|x64.ActiveCfg = Release|Any CPU
		{83B659A1-0DD8-4A65-AF3E-BCCE36B2076F}.Release|x64.Build.0 = Release|Any CPU
		{83B659A1-0DD8-4A65-AF3E-BCCE36B2076F}.Release|x86.ActiveCfg = Release|Any CPU
		{83B659A1-0DD8-4A65-AF3E-BCCE36B2076F}.Release|x86.Build.0 = Release|Any CPU
	EndGlobalSection
	GlobalSection(SolutionProperties) = preSolution
		HideSolutionNode = FALSE
	EndGlobalSection
	GlobalSection(ExtensibilityGlobals) = postSolution
		SolutionGuid = {4F4E4ACF-E6CD-4514-B0D8-077756F57486}
	EndGlobalSection
EndGlobal
